
Microsoft Visual Studio Solution File, Format Version 12.00
# Visual Studio Version 16
VisualStudioVersion = 16.0.30523.141
MinimumVisualStudioVersion = 10.0.40219.1
Project("{FAE04EC0-301F-11D3-BF4B-00C04F79EFBC}") = "product.api", "product.api.csproj", "{1B206BBF-ABBE-4259-8081-DD722BB7CE32}"
EndProject
Global
	GlobalSection(SolutionConfigurationPlatforms) = preSolution
		Debug|Any CPU = Debug|Any CPU
		Release|Any CPU = Release|Any CPU
	EndGlobalSection
	GlobalSection(ProjectConfigurationPlatforms) = postSolution
		{1B206BBF-ABBE-4259-8081-DD722BB7CE32}.Debug|Any CPU.ActiveCfg = Debug|Any CPU
		{1B206BBF-ABBE-4259-8081-DD722BB7CE32}.Debug|Any CPU.Build.0 = Debug|Any CPU
		{1B206BBF-ABBE-4259-8081-DD722BB7CE32}.Release|Any CPU.ActiveCfg = Release|Any CPU
		{1B206BBF-ABBE-4259-8081-DD722BB7CE32}.Release|Any CPU.Build.0 = Release|Any CPU
	EndGlobalSection
	GlobalSection(SolutionProperties) = preSolution
		HideSolutionNode = FALSE
	EndGlobalSection
	GlobalSection(ExtensibilityGlobals) = postSolution
		SolutionGuid = {24FB9684-4BCF-4B0A-91EE-E82C1A84B815}
	EndGlobalSection
EndGlobal
